{
  "name": "brawlhalla-replay-reader",
  "version": "1.0.0",
  "lockfileVersion": 2,
  "requires": true,
  "packages": {
    "": {
      "name": "brawlhalla-replay-reader",
      "version": "1.0.0",
      "license": "MIT",
      "dependencies": {
        "brawlhalla-networking": "file:../brawlhalla-networking"
      },
      "devDependencies": {
        "@types/node": "^17.0.23",
        "typescript": "^4.6.3"
      }
    },
    "../brawlhalla-networking": {
      "version": "1.0.0",
      "license": "ISC",
      "dependencies": {
        "packet-transformer": "file:../packet-transformer"
      },
      "devDependencies": {
        "@types/node": "^16.11.11",
        "ttypescript": "^1.5.13",
        "typescript": "^4.5.2"
      }
    },
    "node_modules/@types/node": {
      "version": "17.0.23",
      "resolved": "https://registry.npmjs.org/@types/node/-/node-17.0.23.tgz",
      "integrity": "sha512-UxDxWn7dl97rKVeVS61vErvw086aCYhDLyvRQZ5Rk65rZKepaFdm53GeqXaKBuOhED4e9uWq34IC3TdSdJJ2Gw==",
      "dev": true
    },
    "node_modules/brawlhalla-networking": {
      "resolved": "../brawlhalla-networking",
      "link": true
    },
    "node_modules/typescript": {
      "version": "4.6.3",
      "resolved": "https://registry.npmjs.org/typescript/-/typescript-4.6.3.tgz",
      "integrity": "sha512-yNIatDa5iaofVozS/uQJEl3JRWLKKGJKh6Yaiv0GLGSuhpFJe7P3SbHZ8/yjAHRQwKRoA6YZqlfjXWmVzoVSMw==",
      "dev": true,
      "bin": {
        "tsc": "bin/tsc",
        "tsserver": "bin/tsserver"
      },
      "engines": {
        "node": ">=4.2.0"
      }
    }
  },
  "dependencies": {
    "@types/node": {
      "version": "17.0.23",
      "resolved": "https://registry.npmjs.org/@types/node/-/node-17.0.23.tgz",
      "integrity": "sha512-UxDxWn7dl97rKVeVS61vErvw086aCYhDLyvRQZ5Rk65rZKepaFdm53GeqXaKBuOhED4e9uWq34IC3TdSdJJ2Gw==",
      "dev": true
    },
    "brawlhalla-networking": {
      "version": "file:../brawlhalla-networking",
      "requires": {
        "@types/node": "^16.11.11",
        "packet-transformer": "file:../packet-transformer",
        "ttypescript": "^1.5.13",
        "typescript": "^4.5.2"
      }
    },
    "typescript": {
      "version": "4.6.3",
      "resolved": "https://registry.npmjs.org/typescript/-/typescript-4.6.3.tgz",
      "integrity": "sha512-yNIatDa5iaofVozS/uQJEl3JRWLKKGJKh6Yaiv0GLGSuhpFJe7P3SbHZ8/yjAHRQwKRoA6YZqlfjXWmVzoVSMw==",
      "dev": true
    }
  }
}
